
Microsoft Visual Studio Solution File, Format Version 12.00
# Visual Studio Version 16
VisualStudioVersion = 16.0.31515.178
MinimumVisualStudioVersion = 10.0.40219.1
Project("{FAE04EC0-301F-11D3-BF4B-00C04F79EFBC}") = "ejerc4", "ejerc4\ejerc4.csproj", "{8458CB8D-6993-4D8C-9ECA-051AC1BE7763}"
EndProject
Global
	GlobalSection(SolutionConfigurationPlatforms) = preSolution
		Debug|Any CPU = Debug|Any CPU
		Release|Any CPU = Release|Any CPU
	EndGlobalSection
	GlobalSection(ProjectConfigurationPlatforms) = postSolution
		{8458CB8D-6993-4D8C-9ECA-051AC1BE7763}.Debug|Any CPU.ActiveCfg = Debug|Any CPU
		{8458CB8D-6993-4D8C-9ECA-051AC1BE7763}.Debug|Any CPU.Build.0 = Debug|Any CPU
		{8458CB8D-6993-4D8C-9ECA-051AC1BE7763}.Release|Any CPU.ActiveCfg = Release|Any CPU
		{8458CB8D-6993-4D8C-9ECA-051AC1BE7763}.Release|Any CPU.Build.0 = Release|Any CPU
	EndGlobalSection
	GlobalSection(SolutionProperties) = preSolution
		HideSolutionNode = FALSE
	EndGlobalSection
	GlobalSection(ExtensibilityGlobals) = postSolution
		SolutionGuid = {BEB03C55-840D-4B84-8BA6-50F664C695CB}
	EndGlobalSection
EndGlobal
